
Microsoft Visual Studio Solution File, Format Version 12.00
# Visual Studio Version 17
VisualStudioVersion = 17.10.35004.147
MinimumVisualStudioVersion = 10.0.40219.1
Project("{9A19103F-16F7-4668-BE54-9A1E7A4F7556}") = "ProbeApp", "ProbeApp\ProbeApp.csproj", "{86D37D91-390E-4A13-BF84-D08BC3164B8B}"
EndProject
Project("{9A19103F-16F7-4668-BE54-9A1E7A4F7556}") = "SampleApplication", "SampleApplcation\SampleApplication.csproj", "{A8B2B8C2-B567-4A56-A6E8-482E26453022}"
EndProject
Global
	GlobalSection(SolutionConfigurationPlatforms) = preSolution
		Debug|Any CPU = Debug|Any CPU
		Release|Any CPU = Release|Any CPU
	EndGlobalSection
	GlobalSection(ProjectConfigurationPlatforms) = postSolution
		{86D37D91-390E-4A13-BF84-D08BC3164B8B}.Debug|Any CPU.ActiveCfg = Debug|Any CPU
		{86D37D91-390E-4A13-BF84-D08BC3164B8B}.Debug|Any CPU.Build.0 = Debug|Any CPU
		{86D37D91-390E-4A13-BF84-D08BC3164B8B}.Release|Any CPU.ActiveCfg = Release|Any CPU
		{86D37D91-390E-4A13-BF84-D08BC3164B8B}.Release|Any CPU.Build.0 = Release|Any CPU
		{A8B2B8C2-B567-4A56-A6E8-482E26453022}.Debug|Any CPU.ActiveCfg = Debug|Any CPU
		{A8B2B8C2-B567-4A56-A6E8-482E26453022}.Debug|Any CPU.Build.0 = Debug|Any CPU
		{A8B2B8C2-B567-4A56-A6E8-482E26453022}.Release|Any CPU.ActiveCfg = Release|Any CPU
		{A8B2B8C2-B567-4A56-A6E8-482E26453022}.Release|Any CPU.Build.0 = Release|Any CPU
	EndGlobalSection
	GlobalSection(SolutionProperties) = preSolution
		HideSolutionNode = FALSE
	EndGlobalSection
	GlobalSection(ExtensibilityGlobals) = postSolution
		SolutionGuid = {236D282D-B2CF-4324-A7E7-73EC79D5DF3B}
	EndGlobalSection
EndGlobal
